Microsoft Visual Studio Solution File, Format Version 12.00
# Visual Studio Version 17
VisualStudioVersion = 17.5.2.0
MinimumVisualStudioVersion = 10.0.40219.1
Project("{2150E333-8FDC-42A3-9474-1A3956D46DE8}") = "engine", "engine", "{D585295F-7994-3649-1065-7AA403C41681}"
EndProject
Project("{FAE04EC0-301F-11D3-BF4B-00C04F79EFBC}") = "SentinelEngine", "engine\SentinelEngine\SentinelEngine.csproj", "{4D704008-1A2A-FDFA-096B-984C7ADCF189}"
EndProject
Global
	GlobalSection(SolutionConfigurationPlatforms) = preSolution
		Debug|Any CPU = Debug|Any CPU
		Release|Any CPU = Release|Any CPU
	EndGlobalSection
	GlobalSection(ProjectConfigurationPlatforms) = postSolution
		{4D704008-1A2A-FDFA-096B-984C7ADCF189}.Debug|Any CPU.ActiveCfg = Debug|Any CPU
		{4D704008-1A2A-FDFA-096B-984C7ADCF189}.Debug|Any CPU.Build.0 = Debug|Any CPU
		{4D704008-1A2A-FDFA-096B-984C7ADCF189}.Release|Any CPU.ActiveCfg = Release|Any CPU
		{4D704008-1A2A-FDFA-096B-984C7ADCF189}.Release|Any CPU.Build.0 = Release|Any CPU
	EndGlobalSection
	GlobalSection(SolutionProperties) = preSolution
		HideSolutionNode = FALSE
	EndGlobalSection
	GlobalSection(NestedProjects) = preSolution
		{4D704008-1A2A-FDFA-096B-984C7ADCF189} = {D585295F-7994-3649-1065-7AA403C41681}
	EndGlobalSection
	GlobalSection(ExtensibilityGlobals) = postSolution
		SolutionGuid = {733780C6-1E6F-45CC-A013-587BAC4E0D70}
	EndGlobalSection
EndGlobal
